
Microsoft Visual Studio Solution File, Format Version 12.00
# Visual Studio Version 17
VisualStudioVersion = 17.6.33829.357
MinimumVisualStudioVersion = 10.0.40219.1
Project("{9A19103F-16F7-4668-BE54-9A1E7A4F7556}") = "Xenia.WebApi", "Xenia.WebApi\Xenia.WebApi.csproj", "{ED42559A-46B1-41B6-8992-64CF7846FC81}"
EndProject
Project("{9A19103F-16F7-4668-BE54-9A1E7A4F7556}") = "Xenia.WebApi.IntegrationTests", "Xenia.WebApi.IntegrationTests\Xenia.WebApi.IntegrationTests.csproj", "{B3F0EF2E-8300-4608-93DA-F89FA43A0C3C}"
EndProject
Project("{2150E333-8FDC-42A3-9474-1A3956D46DE8}") = "Solution Items", "Solution Items", "{C41EBA8D-CC97-48EF-988D-61A9478740D0}"
	ProjectSection(SolutionItems) = preProject
		.editorconfig = .editorconfig
	EndProjectSection
EndProject
Project("{9A19103F-16F7-4668-BE54-9A1E7A4F7556}") = "Xenia.WebApi.UnitTests", "Xenia.WebApi.UnitTests\Xenia.WebApi.UnitTests.csproj", "{92A83A8D-1BDC-421B-B433-BADDED792150}"
EndProject
Project("{9A19103F-16F7-4668-BE54-9A1E7A4F7556}") = "Xenia.Bookings.Persistence", "Xenia.Bookings.Persistence\Xenia.Bookings.Persistence.csproj", "{85DEA5C2-93C3-4AD2-98A9-646EFC15508C}"
EndProject
Project("{9A19103F-16F7-4668-BE54-9A1E7A4F7556}") = "Xenia.Bookings.Domain", "Xenia.Bookings.Domain\Xenia.Bookings.Domain.csproj", "{327070C3-108E-49DC-9E54-D8ADAA6C78B7}"
EndProject
Project("{9A19103F-16F7-4668-BE54-9A1E7A4F7556}") = "Xenia.Common", "Xenia.Common\Xenia.Common.csproj", "{39DE39D1-D943-4908-957C-17E1BE047943}"
EndProject
Project("{FAE04EC0-301F-11D3-BF4B-00C04F79EFBC}") = "Xenia.Application", "Xenia.Application\Xenia.Application.csproj", "{26EB8103-FB4A-4291-801B-05EB964FF425}"
EndProject
Global
	GlobalSection(SolutionConfigurationPlatforms) = preSolution
		Debug|Any CPU = Debug|Any CPU
		Release|Any CPU = Release|Any CPU
	EndGlobalSection
	GlobalSection(ProjectConfigurationPlatforms) = postSolution
		{ED42559A-46B1-41B6-8992-64CF7846FC81}.Debug|Any CPU.ActiveCfg = Debug|Any CPU
		{ED42559A-46B1-41B6-8992-64CF7846FC81}.Debug|Any CPU.Build.0 = Debug|Any CPU
		{ED42559A-46B1-41B6-8992-64CF7846FC81}.Release|Any CPU.ActiveCfg = Release|Any CPU
		{ED42559A-46B1-41B6-8992-64CF7846FC81}.Release|Any CPU.Build.0 = Release|Any CPU
		{B3F0EF2E-8300-4608-93DA-F89FA43A0C3C}.Debug|Any CPU.ActiveCfg = Debug|Any CPU
		{B3F0EF2E-8300-4608-93DA-F89FA43A0C3C}.Debug|Any CPU.Build.0 = Debug|Any CPU
		{B3F0EF2E-8300-4608-93DA-F89FA43A0C3C}.Release|Any CPU.ActiveCfg = Release|Any CPU
		{B3F0EF2E-8300-4608-93DA-F89FA43A0C3C}.Release|Any CPU.Build.0 = Release|Any CPU
		{92A83A8D-1BDC-421B-B433-BADDED792150}.Debug|Any CPU.ActiveCfg = Debug|Any CPU
		{92A83A8D-1BDC-421B-B433-BADDED792150}.Debug|Any CPU.Build.0 = Debug|Any CPU
		{92A83A8D-1BDC-421B-B433-BADDED792150}.Release|Any CPU.ActiveCfg = Release|Any CPU
		{92A83A8D-1BDC-421B-B433-BADDED792150}.Release|Any CPU.Build.0 = Release|Any CPU
		{85DEA5C2-93C3-4AD2-98A9-646EFC15508C}.Debug|Any CPU.ActiveCfg = Debug|Any CPU
		{85DEA5C2-93C3-4AD2-98A9-646EFC15508C}.Debug|Any CPU.Build.0 = Debug|Any CPU
		{85DEA5C2-93C3-4AD2-98A9-646EFC15508C}.Release|Any CPU.ActiveCfg = Release|Any CPU
		{85DEA5C2-93C3-4AD2-98A9-646EFC15508C}.Release|Any CPU.Build.0 = Release|Any CPU
		{327070C3-108E-49DC-9E54-D8ADAA6C78B7}.Debug|Any CPU.ActiveCfg = Debug|Any CPU
		{327070C3-108E-49DC-9E54-D8ADAA6C78B7}.Debug|Any CPU.Build.0 = Debug|Any CPU
		{327070C3-108E-49DC-9E54-D8ADAA6C78B7}.Release|Any CPU.ActiveCfg = Release|Any CPU
		{327070C3-108E-49DC-9E54-D8ADAA6C78B7}.Release|Any CPU.Build.0 = Release|Any CPU
		{39DE39D1-D943-4908-957C-17E1BE047943}.Debug|Any CPU.ActiveCfg = Debug|Any CPU
		{39DE39D1-D943-4908-957C-17E1BE047943}.Debug|Any CPU.Build.0 = Debug|Any CPU
		{39DE39D1-D943-4908-957C-17E1BE047943}.Release|Any CPU.ActiveCfg = Release|Any CPU
		{39DE39D1-D943-4908-957C-17E1BE047943}.Release|Any CPU.Build.0 = Release|Any CPU
		{26EB8103-FB4A-4291-801B-05EB964FF425}.Debug|Any CPU.ActiveCfg = Debug|Any CPU
		{26EB8103-FB4A-4291-801B-05EB964FF425}.Debug|Any CPU.Build.0 = Debug|Any CPU
		{26EB8103-FB4A-4291-801B-05EB964FF425}.Release|Any CPU.ActiveCfg = Release|Any CPU
		{26EB8103-FB4A-4291-801B-05EB964FF425}.Release|Any CPU.Build.0 = Release|Any CPU
	EndGlobalSection
	GlobalSection(SolutionProperties) = preSolution
		HideSolutionNode = FALSE
	EndGlobalSection
	GlobalSection(ExtensibilityGlobals) = postSolution
		SolutionGuid = {F7782CD5-1164-4C30-9CD4-0AC2091600EF}
	EndGlobalSection
	GlobalSection(NestedProjects) = preSolution
	EndGlobalSection
EndGlobal
