
Microsoft Visual Studio Solution File, Format Version 12.00
# Visual Studio Version 17
VisualStudioVersion = 17.6.33829.357
MinimumVisualStudioVersion = 10.0.40219.1
Project("{9A19103F-16F7-4668-BE54-9A1E7A4F7556}") = "Xenia.WebApi", "Xenia.WebApi\Xenia.WebApi.csproj", "{ED42559A-46B1-41B6-8992-64CF7846FC81}"
EndProject
Project("{9A19103F-16F7-4668-BE54-9A1E7A4F7556}") = "Xenia.WebApi.IntegrationTests", "Xenia.WebApi.IntegrationTests\Xenia.WebApi.IntegrationTests.csproj", "{B3F0EF2E-8300-4608-93DA-F89FA43A0C3C}"
EndProject
Project("{2150E333-8FDC-42A3-9474-1A3956D46DE8}") = "Solution Items", "Solution Items", "{C41EBA8D-CC97-48EF-988D-61A9478740D0}"
	ProjectSection(SolutionItems) = preProject
		.editorconfig = .editorconfig
	EndProjectSection
EndProject
Project("{9A19103F-16F7-4668-BE54-9A1E7A4F7556}") = "Xenia.WebApi.UnitTests", "Xenia.WebApi.UnitTests\Xenia.WebApi.UnitTests.csproj", "{92A83A8D-1BDC-421B-B433-BADDED792150}"
EndProject
Project("{2150E333-8FDC-42A3-9474-1A3956D46DE8}") = "Tests", "Tests", "{8CB20FEA-7544-489A-A0EC-6AA1D8E9BC42}"
EndProject
Project("{2150E333-8FDC-42A3-9474-1A3956D46DE8}") = "Source", "Source", "{59BF481F-05BF-4321-90B8-92768D9A63DA}"
EndProject
Project("{FAE04EC0-301F-11D3-BF4B-00C04F79EFBC}") = "Xenia.WebApi.PerformanceTests", "Xenia.WebApi.PerformanceTests\Xenia.WebApi.PerformanceTests.csproj", "{59529CD8-AFCF-4878-BE99-139E2413FCC9}"
EndProject
Project("{2150E333-8FDC-42A3-9474-1A3956D46DE8}") = "Common", "Common", "{196A0D95-DBCD-455A-921B-C3C8B1871F2E}"
EndProject
Project("{2150E333-8FDC-42A3-9474-1A3956D46DE8}") = "Modules", "Modules", "{9ED9A24B-4D50-4BB4-AE3A-0FEA234E5B1B}"
EndProject
Project("{2150E333-8FDC-42A3-9474-1A3956D46DE8}") = "Bookings", "Bookings", "{EA574DDA-92A4-4879-AAD2-3FC00ADCCA24}"
EndProject
Project("{FAE04EC0-301F-11D3-BF4B-00C04F79EFBC}") = "Modules.Bookings.Domain", "Modules.Bookings.Domain\Modules.Bookings.Domain.csproj", "{9250438B-E171-4528-8A8B-B45BCB9705C9}"
EndProject
Project("{FAE04EC0-301F-11D3-BF4B-00C04F79EFBC}") = "Modules.Bookings.Application", "Modules.Bookings.Application\Modules.Bookings.Application.csproj", "{E8F2DBB4-0252-448D-A30C-F08164BBC7D9}"
EndProject
Project("{FAE04EC0-301F-11D3-BF4B-00C04F79EFBC}") = "Modules.Bookings.Persistence", "Modules.Bookings.Persistence\Modules.Bookings.Persistence.csproj", "{40D9155F-84BB-4499-9E08-5AA844CBA963}"
EndProject
Project("{FAE04EC0-301F-11D3-BF4B-00C04F79EFBC}") = "Modules.Bookings.Infrastructure", "Modules.Bookings.Infrastructure\Modules.Bookings.Infrastructure.csproj", "{1FA11C12-B864-4713-A07D-76415D282FEF}"
EndProject
Project("{FAE04EC0-301F-11D3-BF4B-00C04F79EFBC}") = "Modules.Bookings.IntegrationEvents", "Modules.Bookings.IntegrationEvents\Modules.Bookings.IntegrationEvents.csproj", "{8EE65916-E4C5-4E62-A8A6-38E4DF29C87B}"
EndProject
Project("{FAE04EC0-301F-11D3-BF4B-00C04F79EFBC}") = "Modules.Bookings.Endpoints", "Modules.Bookings.Endpoints\Modules.Bookings.Endpoints.csproj", "{A928AAB7-FEFB-4DF1-87C5-F54F3A06FF03}"
EndProject
Project("{FAE04EC0-301F-11D3-BF4B-00C04F79EFBC}") = "Common.Errors", "Common.Errors\Common.Errors.csproj", "{158919C3-5C9F-4F0D-8830-3C7B68C981CF}"
EndProject
Project("{FAE04EC0-301F-11D3-BF4B-00C04F79EFBC}") = "Common.Persistence", "Common.Persistence\Common.Persistence.csproj", "{608AFB62-FBFE-4747-8987-73D50AF2ADB6}"
EndProject
Project("{FAE04EC0-301F-11D3-BF4B-00C04F79EFBC}") = "Common.Domain", "Common.Domain\Common.Domain.csproj", "{AD03707A-C19B-4191-AD08-FA455A6154A6}"
EndProject
Project("{FAE04EC0-301F-11D3-BF4B-00C04F79EFBC}") = "Common.Endpoints", "Common.Endpoints\Common.Endpoints.csproj", "{FAC160E2-60C1-4377-AC52-39790BBE0FF0}"
EndProject
Project("{FAE04EC0-301F-11D3-BF4B-00C04F79EFBC}") = "Common.Exceptions", "Common.Exceptions\Common.Exceptions.csproj", "{D98BB5A7-2356-4340-A5CD-6501EC954037}"
EndProject
Project("{FAE04EC0-301F-11D3-BF4B-00C04F79EFBC}") = "Common.Utilities", "Common.Utilities\Common.Utilities.csproj", "{94D81045-4A03-4475-AAD2-BD4139EA2BF6}"
EndProject
Project("{FAE04EC0-301F-11D3-BF4B-00C04F79EFBC}") = "Common.Infrastructure", "Common.Infrastructure\Common.Infrastructure.csproj", "{580F9556-2FA8-4609-9108-69FE314C35AF}"
EndProject
Project("{FAE04EC0-301F-11D3-BF4B-00C04F79EFBC}") = "Common.Application", "Common.Application\Common.Application.csproj", "{87F8ED2B-2E7E-45E3-80FA-B81C0F390E8A}"
EndProject
Project("{FAE04EC0-301F-11D3-BF4B-00C04F79EFBC}") = "Common.Shared", "Common.Shared\Common.Shared.csproj", "{2F16E86D-F161-4724-8BC5-DB83193A7714}"
EndProject
Global
	GlobalSection(SolutionConfigurationPlatforms) = preSolution
		Debug|Any CPU = Debug|Any CPU
		Release|Any CPU = Release|Any CPU
	EndGlobalSection
	GlobalSection(ProjectConfigurationPlatforms) = postSolution
		{ED42559A-46B1-41B6-8992-64CF7846FC81}.Debug|Any CPU.ActiveCfg = Debug|Any CPU
		{ED42559A-46B1-41B6-8992-64CF7846FC81}.Debug|Any CPU.Build.0 = Debug|Any CPU
		{ED42559A-46B1-41B6-8992-64CF7846FC81}.Release|Any CPU.ActiveCfg = Release|Any CPU
		{ED42559A-46B1-41B6-8992-64CF7846FC81}.Release|Any CPU.Build.0 = Release|Any CPU
		{B3F0EF2E-8300-4608-93DA-F89FA43A0C3C}.Debug|Any CPU.ActiveCfg = Debug|Any CPU
		{B3F0EF2E-8300-4608-93DA-F89FA43A0C3C}.Debug|Any CPU.Build.0 = Debug|Any CPU
		{B3F0EF2E-8300-4608-93DA-F89FA43A0C3C}.Release|Any CPU.ActiveCfg = Release|Any CPU
		{B3F0EF2E-8300-4608-93DA-F89FA43A0C3C}.Release|Any CPU.Build.0 = Release|Any CPU
		{92A83A8D-1BDC-421B-B433-BADDED792150}.Debug|Any CPU.ActiveCfg = Debug|Any CPU
		{92A83A8D-1BDC-421B-B433-BADDED792150}.Debug|Any CPU.Build.0 = Debug|Any CPU
		{92A83A8D-1BDC-421B-B433-BADDED792150}.Release|Any CPU.ActiveCfg = Release|Any CPU
		{92A83A8D-1BDC-421B-B433-BADDED792150}.Release|Any CPU.Build.0 = Release|Any CPU
		{59529CD8-AFCF-4878-BE99-139E2413FCC9}.Debug|Any CPU.ActiveCfg = Debug|Any CPU
		{59529CD8-AFCF-4878-BE99-139E2413FCC9}.Debug|Any CPU.Build.0 = Debug|Any CPU
		{59529CD8-AFCF-4878-BE99-139E2413FCC9}.Release|Any CPU.ActiveCfg = Release|Any CPU
		{59529CD8-AFCF-4878-BE99-139E2413FCC9}.Release|Any CPU.Build.0 = Release|Any CPU
		{9250438B-E171-4528-8A8B-B45BCB9705C9}.Debug|Any CPU.ActiveCfg = Debug|Any CPU
		{9250438B-E171-4528-8A8B-B45BCB9705C9}.Debug|Any CPU.Build.0 = Debug|Any CPU
		{9250438B-E171-4528-8A8B-B45BCB9705C9}.Release|Any CPU.ActiveCfg = Release|Any CPU
		{9250438B-E171-4528-8A8B-B45BCB9705C9}.Release|Any CPU.Build.0 = Release|Any CPU
		{E8F2DBB4-0252-448D-A30C-F08164BBC7D9}.Debug|Any CPU.ActiveCfg = Debug|Any CPU
		{E8F2DBB4-0252-448D-A30C-F08164BBC7D9}.Debug|Any CPU.Build.0 = Debug|Any CPU
		{E8F2DBB4-0252-448D-A30C-F08164BBC7D9}.Release|Any CPU.ActiveCfg = Release|Any CPU
		{E8F2DBB4-0252-448D-A30C-F08164BBC7D9}.Release|Any CPU.Build.0 = Release|Any CPU
		{40D9155F-84BB-4499-9E08-5AA844CBA963}.Debug|Any CPU.ActiveCfg = Debug|Any CPU
		{40D9155F-84BB-4499-9E08-5AA844CBA963}.Debug|Any CPU.Build.0 = Debug|Any CPU
		{40D9155F-84BB-4499-9E08-5AA844CBA963}.Release|Any CPU.ActiveCfg = Release|Any CPU
		{40D9155F-84BB-4499-9E08-5AA844CBA963}.Release|Any CPU.Build.0 = Release|Any CPU
		{1FA11C12-B864-4713-A07D-76415D282FEF}.Debug|Any CPU.ActiveCfg = Debug|Any CPU
		{1FA11C12-B864-4713-A07D-76415D282FEF}.Debug|Any CPU.Build.0 = Debug|Any CPU
		{1FA11C12-B864-4713-A07D-76415D282FEF}.Release|Any CPU.ActiveCfg = Release|Any CPU
		{1FA11C12-B864-4713-A07D-76415D282FEF}.Release|Any CPU.Build.0 = Release|Any CPU
		{8EE65916-E4C5-4E62-A8A6-38E4DF29C87B}.Debug|Any CPU.ActiveCfg = Debug|Any CPU
		{8EE65916-E4C5-4E62-A8A6-38E4DF29C87B}.Debug|Any CPU.Build.0 = Debug|Any CPU
		{8EE65916-E4C5-4E62-A8A6-38E4DF29C87B}.Release|Any CPU.ActiveCfg = Release|Any CPU
		{8EE65916-E4C5-4E62-A8A6-38E4DF29C87B}.Release|Any CPU.Build.0 = Release|Any CPU
		{A928AAB7-FEFB-4DF1-87C5-F54F3A06FF03}.Debug|Any CPU.ActiveCfg = Debug|Any CPU
		{A928AAB7-FEFB-4DF1-87C5-F54F3A06FF03}.Debug|Any CPU.Build.0 = Debug|Any CPU
		{A928AAB7-FEFB-4DF1-87C5-F54F3A06FF03}.Release|Any CPU.ActiveCfg = Release|Any CPU
		{A928AAB7-FEFB-4DF1-87C5-F54F3A06FF03}.Release|Any CPU.Build.0 = Release|Any CPU
		{158919C3-5C9F-4F0D-8830-3C7B68C981CF}.Debug|Any CPU.ActiveCfg = Debug|Any CPU
		{158919C3-5C9F-4F0D-8830-3C7B68C981CF}.Debug|Any CPU.Build.0 = Debug|Any CPU
		{158919C3-5C9F-4F0D-8830-3C7B68C981CF}.Release|Any CPU.ActiveCfg = Release|Any CPU
		{158919C3-5C9F-4F0D-8830-3C7B68C981CF}.Release|Any CPU.Build.0 = Release|Any CPU
		{608AFB62-FBFE-4747-8987-73D50AF2ADB6}.Debug|Any CPU.ActiveCfg = Debug|Any CPU
		{608AFB62-FBFE-4747-8987-73D50AF2ADB6}.Debug|Any CPU.Build.0 = Debug|Any CPU
		{608AFB62-FBFE-4747-8987-73D50AF2ADB6}.Release|Any CPU.ActiveCfg = Release|Any CPU
		{608AFB62-FBFE-4747-8987-73D50AF2ADB6}.Release|Any CPU.Build.0 = Release|Any CPU
		{AD03707A-C19B-4191-AD08-FA455A6154A6}.Debug|Any CPU.ActiveCfg = Debug|Any CPU
		{AD03707A-C19B-4191-AD08-FA455A6154A6}.Debug|Any CPU.Build.0 = Debug|Any CPU
		{AD03707A-C19B-4191-AD08-FA455A6154A6}.Release|Any CPU.ActiveCfg = Release|Any CPU
		{AD03707A-C19B-4191-AD08-FA455A6154A6}.Release|Any CPU.Build.0 = Release|Any CPU
		{FAC160E2-60C1-4377-AC52-39790BBE0FF0}.Debug|Any CPU.ActiveCfg = Debug|Any CPU
		{FAC160E2-60C1-4377-AC52-39790BBE0FF0}.Debug|Any CPU.Build.0 = Debug|Any CPU
		{FAC160E2-60C1-4377-AC52-39790BBE0FF0}.Release|Any CPU.ActiveCfg = Release|Any CPU
		{FAC160E2-60C1-4377-AC52-39790BBE0FF0}.Release|Any CPU.Build.0 = Release|Any CPU
		{D98BB5A7-2356-4340-A5CD-6501EC954037}.Debug|Any CPU.ActiveCfg = Debug|Any CPU
		{D98BB5A7-2356-4340-A5CD-6501EC954037}.Debug|Any CPU.Build.0 = Debug|Any CPU
		{D98BB5A7-2356-4340-A5CD-6501EC954037}.Release|Any CPU.ActiveCfg = Release|Any CPU
		{D98BB5A7-2356-4340-A5CD-6501EC954037}.Release|Any CPU.Build.0 = Release|Any CPU
		{94D81045-4A03-4475-AAD2-BD4139EA2BF6}.Debug|Any CPU.ActiveCfg = Debug|Any CPU
		{94D81045-4A03-4475-AAD2-BD4139EA2BF6}.Debug|Any CPU.Build.0 = Debug|Any CPU
		{94D81045-4A03-4475-AAD2-BD4139EA2BF6}.Release|Any CPU.ActiveCfg = Release|Any CPU
		{94D81045-4A03-4475-AAD2-BD4139EA2BF6}.Release|Any CPU.Build.0 = Release|Any CPU
		{580F9556-2FA8-4609-9108-69FE314C35AF}.Debug|Any CPU.ActiveCfg = Debug|Any CPU
		{580F9556-2FA8-4609-9108-69FE314C35AF}.Debug|Any CPU.Build.0 = Debug|Any CPU
		{580F9556-2FA8-4609-9108-69FE314C35AF}.Release|Any CPU.ActiveCfg = Release|Any CPU
		{580F9556-2FA8-4609-9108-69FE314C35AF}.Release|Any CPU.Build.0 = Release|Any CPU
		{87F8ED2B-2E7E-45E3-80FA-B81C0F390E8A}.Debug|Any CPU.ActiveCfg = Debug|Any CPU
		{87F8ED2B-2E7E-45E3-80FA-B81C0F390E8A}.Debug|Any CPU.Build.0 = Debug|Any CPU
		{87F8ED2B-2E7E-45E3-80FA-B81C0F390E8A}.Release|Any CPU.ActiveCfg = Release|Any CPU
		{87F8ED2B-2E7E-45E3-80FA-B81C0F390E8A}.Release|Any CPU.Build.0 = Release|Any CPU
		{2F16E86D-F161-4724-8BC5-DB83193A7714}.Debug|Any CPU.ActiveCfg = Debug|Any CPU
		{2F16E86D-F161-4724-8BC5-DB83193A7714}.Debug|Any CPU.Build.0 = Debug|Any CPU
		{2F16E86D-F161-4724-8BC5-DB83193A7714}.Release|Any CPU.ActiveCfg = Release|Any CPU
		{2F16E86D-F161-4724-8BC5-DB83193A7714}.Release|Any CPU.Build.0 = Release|Any CPU
	EndGlobalSection
	GlobalSection(SolutionProperties) = preSolution
		HideSolutionNode = FALSE
	EndGlobalSection
	GlobalSection(ExtensibilityGlobals) = postSolution
		SolutionGuid = {F7782CD5-1164-4C30-9CD4-0AC2091600EF}
	EndGlobalSection
	GlobalSection(NestedProjects) = preSolution
		{B3F0EF2E-8300-4608-93DA-F89FA43A0C3C} = {8CB20FEA-7544-489A-A0EC-6AA1D8E9BC42}
		{92A83A8D-1BDC-421B-B433-BADDED792150} = {8CB20FEA-7544-489A-A0EC-6AA1D8E9BC42}
		{ED42559A-46B1-41B6-8992-64CF7846FC81} = {59BF481F-05BF-4321-90B8-92768D9A63DA}
		{59529CD8-AFCF-4878-BE99-139E2413FCC9} = {8CB20FEA-7544-489A-A0EC-6AA1D8E9BC42}
		{196A0D95-DBCD-455A-921B-C3C8B1871F2E} = {59BF481F-05BF-4321-90B8-92768D9A63DA}
		{9ED9A24B-4D50-4BB4-AE3A-0FEA234E5B1B} = {59BF481F-05BF-4321-90B8-92768D9A63DA}
		{EA574DDA-92A4-4879-AAD2-3FC00ADCCA24} = {9ED9A24B-4D50-4BB4-AE3A-0FEA234E5B1B}
		{9250438B-E171-4528-8A8B-B45BCB9705C9} = {EA574DDA-92A4-4879-AAD2-3FC00ADCCA24}
		{E8F2DBB4-0252-448D-A30C-F08164BBC7D9} = {EA574DDA-92A4-4879-AAD2-3FC00ADCCA24}
		{40D9155F-84BB-4499-9E08-5AA844CBA963} = {EA574DDA-92A4-4879-AAD2-3FC00ADCCA24}
		{1FA11C12-B864-4713-A07D-76415D282FEF} = {EA574DDA-92A4-4879-AAD2-3FC00ADCCA24}
		{8EE65916-E4C5-4E62-A8A6-38E4DF29C87B} = {EA574DDA-92A4-4879-AAD2-3FC00ADCCA24}
		{A928AAB7-FEFB-4DF1-87C5-F54F3A06FF03} = {EA574DDA-92A4-4879-AAD2-3FC00ADCCA24}
		{158919C3-5C9F-4F0D-8830-3C7B68C981CF} = {196A0D95-DBCD-455A-921B-C3C8B1871F2E}
		{608AFB62-FBFE-4747-8987-73D50AF2ADB6} = {196A0D95-DBCD-455A-921B-C3C8B1871F2E}
		{AD03707A-C19B-4191-AD08-FA455A6154A6} = {196A0D95-DBCD-455A-921B-C3C8B1871F2E}
		{FAC160E2-60C1-4377-AC52-39790BBE0FF0} = {196A0D95-DBCD-455A-921B-C3C8B1871F2E}
		{D98BB5A7-2356-4340-A5CD-6501EC954037} = {196A0D95-DBCD-455A-921B-C3C8B1871F2E}
		{94D81045-4A03-4475-AAD2-BD4139EA2BF6} = {196A0D95-DBCD-455A-921B-C3C8B1871F2E}
		{580F9556-2FA8-4609-9108-69FE314C35AF} = {196A0D95-DBCD-455A-921B-C3C8B1871F2E}
		{87F8ED2B-2E7E-45E3-80FA-B81C0F390E8A} = {196A0D95-DBCD-455A-921B-C3C8B1871F2E}
		{2F16E86D-F161-4724-8BC5-DB83193A7714} = {196A0D95-DBCD-455A-921B-C3C8B1871F2E}
	EndGlobalSection
EndGlobal
