
Microsoft Visual Studio Solution File, Format Version 12.00
# Visual Studio Version 17
VisualStudioVersion = 17.6.33829.357
MinimumVisualStudioVersion = 10.0.40219.1
Project("{9A19103F-16F7-4668-BE54-9A1E7A4F7556}") = "Xenia.WebApi", "Xenia.WebApi\Xenia.WebApi.csproj", "{ED42559A-46B1-41B6-8992-64CF7846FC81}"
EndProject
Project("{9A19103F-16F7-4668-BE54-9A1E7A4F7556}") = "Xenia.WebApi.IntegrationTests", "Xenia.WebApi.IntegrationTests\Xenia.WebApi.IntegrationTests.csproj", "{B3F0EF2E-8300-4608-93DA-F89FA43A0C3C}"
EndProject
Project("{2150E333-8FDC-42A3-9474-1A3956D46DE8}") = "Solution Items", "Solution Items", "{C41EBA8D-CC97-48EF-988D-61A9478740D0}"
	ProjectSection(SolutionItems) = preProject
		.editorconfig = .editorconfig
	EndProjectSection
EndProject
Project("{9A19103F-16F7-4668-BE54-9A1E7A4F7556}") = "Xenia.WebApi.UnitTests", "Xenia.WebApi.UnitTests\Xenia.WebApi.UnitTests.csproj", "{92A83A8D-1BDC-421B-B433-BADDED792150}"
EndProject
Project("{2150E333-8FDC-42A3-9474-1A3956D46DE8}") = "Tests", "Tests", "{8CB20FEA-7544-489A-A0EC-6AA1D8E9BC42}"
EndProject
Project("{2150E333-8FDC-42A3-9474-1A3956D46DE8}") = "Source", "Source", "{59BF481F-05BF-4321-90B8-92768D9A63DA}"
EndProject
Project("{FAE04EC0-301F-11D3-BF4B-00C04F79EFBC}") = "Xenia.WebApi.PerformanceTests", "Xenia.WebApi.PerformanceTests\Xenia.WebApi.PerformanceTests.csproj", "{59529CD8-AFCF-4878-BE99-139E2413FCC9}"
EndProject
Project("{2150E333-8FDC-42A3-9474-1A3956D46DE8}") = "Common", "Common", "{196A0D95-DBCD-455A-921B-C3C8B1871F2E}"
EndProject
Project("{2150E333-8FDC-42A3-9474-1A3956D46DE8}") = "Modules", "Modules", "{9ED9A24B-4D50-4BB4-AE3A-0FEA234E5B1B}"
EndProject
Project("{2150E333-8FDC-42A3-9474-1A3956D46DE8}") = "HotelAdmin", "HotelAdmin", "{6A67CB6D-527D-4E65-B26F-D8D66D38CABF}"
EndProject
Project("{FAE04EC0-301F-11D3-BF4B-00C04F79EFBC}") = "Modules.HotelAdmin.Domain", "Modules.HotelAdmin.Domain\Modules.HotelAdmin.Domain.csproj", "{E1B9FBCE-A87C-4611-BE2D-5DB30A83D798}"
EndProject
Project("{FAE04EC0-301F-11D3-BF4B-00C04F79EFBC}") = "Modules.HotelAdmin.Application", "Modules.HotelAdmin.Application\Modules.HotelAdmin.Application.csproj", "{086D45CB-C6F2-4C40-B423-69E20B173BF8}"
EndProject
Project("{FAE04EC0-301F-11D3-BF4B-00C04F79EFBC}") = "Modules.HotelAdmin.Persistence", "Modules.HotelAdmin.Persistence\Modules.HotelAdmin.Persistence.csproj", "{D4570177-B839-4E24-94B1-64C9FB900CE2}"
EndProject
Project("{FAE04EC0-301F-11D3-BF4B-00C04F79EFBC}") = "Modules.HotelAdmin.Infrastructure", "Modules.HotelAdmin.Infrastructure\Modules.HotelAdmin.Infrastructure.csproj", "{52DB8DBB-36FB-4A8C-99D0-6F36388F548B}"
EndProject
Project("{FAE04EC0-301F-11D3-BF4B-00C04F79EFBC}") = "Modules.HotelAdmin.Endpoints", "Modules.HotelAdmin.Endpoints\Modules.HotelAdmin.Endpoints.csproj", "{E2CD75FD-2FD4-4F7F-98DF-0951E9B2E0FB}"
EndProject
Project("{FAE04EC0-301F-11D3-BF4B-00C04F79EFBC}") = "Modules.HotelAdmin.IntegrationEvents", "Modules.HotelAdmin.IntegrationEvents\Modules.HotelAdmin.IntegrationEvents.csproj", "{BDC1B0A1-2EB4-4B11-8384-E52643209E64}"
EndProject
Project("{2150E333-8FDC-42A3-9474-1A3956D46DE8}") = "Bookings", "Bookings", "{EA574DDA-92A4-4879-AAD2-3FC00ADCCA24}"
EndProject
Project("{FAE04EC0-301F-11D3-BF4B-00C04F79EFBC}") = "Modules.Bookings.Domain", "Modules.Bookings.Domain\Modules.Bookings.Domain.csproj", "{9250438B-E171-4528-8A8B-B45BCB9705C9}"
EndProject
Project("{FAE04EC0-301F-11D3-BF4B-00C04F79EFBC}") = "Modules.Bookings.Application", "Modules.Bookings.Application\Modules.Bookings.Application.csproj", "{E8F2DBB4-0252-448D-A30C-F08164BBC7D9}"
EndProject
Project("{FAE04EC0-301F-11D3-BF4B-00C04F79EFBC}") = "Modules.Bookings.Persistence", "Modules.Bookings.Persistence\Modules.Bookings.Persistence.csproj", "{40D9155F-84BB-4499-9E08-5AA844CBA963}"
EndProject
Project("{FAE04EC0-301F-11D3-BF4B-00C04F79EFBC}") = "Modules.Bookings.Infrastructure", "Modules.Bookings.Infrastructure\Modules.Bookings.Infrastructure.csproj", "{1FA11C12-B864-4713-A07D-76415D282FEF}"
EndProject
Project("{FAE04EC0-301F-11D3-BF4B-00C04F79EFBC}") = "Modules.Bookings.IntegrationEvents", "Modules.Bookings.IntegrationEvents\Modules.Bookings.IntegrationEvents.csproj", "{8EE65916-E4C5-4E62-A8A6-38E4DF29C87B}"
EndProject
Project("{FAE04EC0-301F-11D3-BF4B-00C04F79EFBC}") = "Moldules.Bookings.Endpoints", "Moldules.Bookings.Endpoints\Moldules.Bookings.Endpoints.csproj", "{A928AAB7-FEFB-4DF1-87C5-F54F3A06FF03}"
EndProject
Project("{2150E333-8FDC-42A3-9474-1A3956D46DE8}") = "Utilities", "Utilities", "{4E96C32F-07D2-4346-A4D2-8753DEC48585}"
EndProject
Project("{FAE04EC0-301F-11D3-BF4B-00C04F79EFBC}") = "Modules.Utilities.Application", "Modules.Utilities.Application\Modules.Utilities.Application.csproj", "{9270C30C-DBA8-4856-82F4-408C81D81381}"
EndProject
Project("{FAE04EC0-301F-11D3-BF4B-00C04F79EFBC}") = "Common.Errors", "Common.Errors\Common.Errors.csproj", "{158919C3-5C9F-4F0D-8830-3C7B68C981CF}"
EndProject
Project("{FAE04EC0-301F-11D3-BF4B-00C04F79EFBC}") = "Common.Persistence", "Common.Persistence\Common.Persistence.csproj", "{608AFB62-FBFE-4747-8987-73D50AF2ADB6}"
EndProject
Project("{FAE04EC0-301F-11D3-BF4B-00C04F79EFBC}") = "Common.Domain", "Common.Domain\Common.Domain.csproj", "{AD03707A-C19B-4191-AD08-FA455A6154A6}"
EndProject
Project("{FAE04EC0-301F-11D3-BF4B-00C04F79EFBC}") = "Common.Endpoints", "Common.Endpoints\Common.Endpoints.csproj", "{FAC160E2-60C1-4377-AC52-39790BBE0FF0}"
EndProject
Project("{FAE04EC0-301F-11D3-BF4B-00C04F79EFBC}") = "Common.Exceptions", "Common.Exceptions\Common.Exceptions.csproj", "{D98BB5A7-2356-4340-A5CD-6501EC954037}"
EndProject
Project("{FAE04EC0-301F-11D3-BF4B-00C04F79EFBC}") = "Common.Utilities", "Common.Utilities\Common.Utilities.csproj", "{94D81045-4A03-4475-AAD2-BD4139EA2BF6}"
EndProject
Global
	GlobalSection(SolutionConfigurationPlatforms) = preSolution
		Debug|Any CPU = Debug|Any CPU
		Release|Any CPU = Release|Any CPU
	EndGlobalSection
	GlobalSection(ProjectConfigurationPlatforms) = postSolution
		{ED42559A-46B1-41B6-8992-64CF7846FC81}.Debug|Any CPU.ActiveCfg = Debug|Any CPU
		{ED42559A-46B1-41B6-8992-64CF7846FC81}.Debug|Any CPU.Build.0 = Debug|Any CPU
		{ED42559A-46B1-41B6-8992-64CF7846FC81}.Release|Any CPU.ActiveCfg = Release|Any CPU
		{ED42559A-46B1-41B6-8992-64CF7846FC81}.Release|Any CPU.Build.0 = Release|Any CPU
		{B3F0EF2E-8300-4608-93DA-F89FA43A0C3C}.Debug|Any CPU.ActiveCfg = Debug|Any CPU
		{B3F0EF2E-8300-4608-93DA-F89FA43A0C3C}.Debug|Any CPU.Build.0 = Debug|Any CPU
		{B3F0EF2E-8300-4608-93DA-F89FA43A0C3C}.Release|Any CPU.ActiveCfg = Release|Any CPU
		{B3F0EF2E-8300-4608-93DA-F89FA43A0C3C}.Release|Any CPU.Build.0 = Release|Any CPU
		{92A83A8D-1BDC-421B-B433-BADDED792150}.Debug|Any CPU.ActiveCfg = Debug|Any CPU
		{92A83A8D-1BDC-421B-B433-BADDED792150}.Debug|Any CPU.Build.0 = Debug|Any CPU
		{92A83A8D-1BDC-421B-B433-BADDED792150}.Release|Any CPU.ActiveCfg = Release|Any CPU
		{92A83A8D-1BDC-421B-B433-BADDED792150}.Release|Any CPU.Build.0 = Release|Any CPU
		{59529CD8-AFCF-4878-BE99-139E2413FCC9}.Debug|Any CPU.ActiveCfg = Debug|Any CPU
		{59529CD8-AFCF-4878-BE99-139E2413FCC9}.Debug|Any CPU.Build.0 = Debug|Any CPU
		{59529CD8-AFCF-4878-BE99-139E2413FCC9}.Release|Any CPU.ActiveCfg = Release|Any CPU
		{59529CD8-AFCF-4878-BE99-139E2413FCC9}.Release|Any CPU.Build.0 = Release|Any CPU
		{E1B9FBCE-A87C-4611-BE2D-5DB30A83D798}.Debug|Any CPU.ActiveCfg = Debug|Any CPU
		{E1B9FBCE-A87C-4611-BE2D-5DB30A83D798}.Debug|Any CPU.Build.0 = Debug|Any CPU
		{E1B9FBCE-A87C-4611-BE2D-5DB30A83D798}.Release|Any CPU.ActiveCfg = Release|Any CPU
		{E1B9FBCE-A87C-4611-BE2D-5DB30A83D798}.Release|Any CPU.Build.0 = Release|Any CPU
		{086D45CB-C6F2-4C40-B423-69E20B173BF8}.Debug|Any CPU.ActiveCfg = Debug|Any CPU
		{086D45CB-C6F2-4C40-B423-69E20B173BF8}.Debug|Any CPU.Build.0 = Debug|Any CPU
		{086D45CB-C6F2-4C40-B423-69E20B173BF8}.Release|Any CPU.ActiveCfg = Release|Any CPU
		{086D45CB-C6F2-4C40-B423-69E20B173BF8}.Release|Any CPU.Build.0 = Release|Any CPU
		{D4570177-B839-4E24-94B1-64C9FB900CE2}.Debug|Any CPU.ActiveCfg = Debug|Any CPU
		{D4570177-B839-4E24-94B1-64C9FB900CE2}.Debug|Any CPU.Build.0 = Debug|Any CPU
		{D4570177-B839-4E24-94B1-64C9FB900CE2}.Release|Any CPU.ActiveCfg = Release|Any CPU
		{D4570177-B839-4E24-94B1-64C9FB900CE2}.Release|Any CPU.Build.0 = Release|Any CPU
		{52DB8DBB-36FB-4A8C-99D0-6F36388F548B}.Debug|Any CPU.ActiveCfg = Debug|Any CPU
		{52DB8DBB-36FB-4A8C-99D0-6F36388F548B}.Debug|Any CPU.Build.0 = Debug|Any CPU
		{52DB8DBB-36FB-4A8C-99D0-6F36388F548B}.Release|Any CPU.ActiveCfg = Release|Any CPU
		{52DB8DBB-36FB-4A8C-99D0-6F36388F548B}.Release|Any CPU.Build.0 = Release|Any CPU
		{E2CD75FD-2FD4-4F7F-98DF-0951E9B2E0FB}.Debug|Any CPU.ActiveCfg = Debug|Any CPU
		{E2CD75FD-2FD4-4F7F-98DF-0951E9B2E0FB}.Debug|Any CPU.Build.0 = Debug|Any CPU
		{E2CD75FD-2FD4-4F7F-98DF-0951E9B2E0FB}.Release|Any CPU.ActiveCfg = Release|Any CPU
		{E2CD75FD-2FD4-4F7F-98DF-0951E9B2E0FB}.Release|Any CPU.Build.0 = Release|Any CPU
		{BDC1B0A1-2EB4-4B11-8384-E52643209E64}.Debug|Any CPU.ActiveCfg = Debug|Any CPU
		{BDC1B0A1-2EB4-4B11-8384-E52643209E64}.Debug|Any CPU.Build.0 = Debug|Any CPU
		{BDC1B0A1-2EB4-4B11-8384-E52643209E64}.Release|Any CPU.ActiveCfg = Release|Any CPU
		{BDC1B0A1-2EB4-4B11-8384-E52643209E64}.Release|Any CPU.Build.0 = Release|Any CPU
		{9250438B-E171-4528-8A8B-B45BCB9705C9}.Debug|Any CPU.ActiveCfg = Debug|Any CPU
		{9250438B-E171-4528-8A8B-B45BCB9705C9}.Debug|Any CPU.Build.0 = Debug|Any CPU
		{9250438B-E171-4528-8A8B-B45BCB9705C9}.Release|Any CPU.ActiveCfg = Release|Any CPU
		{9250438B-E171-4528-8A8B-B45BCB9705C9}.Release|Any CPU.Build.0 = Release|Any CPU
		{E8F2DBB4-0252-448D-A30C-F08164BBC7D9}.Debug|Any CPU.ActiveCfg = Debug|Any CPU
		{E8F2DBB4-0252-448D-A30C-F08164BBC7D9}.Debug|Any CPU.Build.0 = Debug|Any CPU
		{E8F2DBB4-0252-448D-A30C-F08164BBC7D9}.Release|Any CPU.ActiveCfg = Release|Any CPU
		{E8F2DBB4-0252-448D-A30C-F08164BBC7D9}.Release|Any CPU.Build.0 = Release|Any CPU
		{40D9155F-84BB-4499-9E08-5AA844CBA963}.Debug|Any CPU.ActiveCfg = Debug|Any CPU
		{40D9155F-84BB-4499-9E08-5AA844CBA963}.Debug|Any CPU.Build.0 = Debug|Any CPU
		{40D9155F-84BB-4499-9E08-5AA844CBA963}.Release|Any CPU.ActiveCfg = Release|Any CPU
		{40D9155F-84BB-4499-9E08-5AA844CBA963}.Release|Any CPU.Build.0 = Release|Any CPU
		{1FA11C12-B864-4713-A07D-76415D282FEF}.Debug|Any CPU.ActiveCfg = Debug|Any CPU
		{1FA11C12-B864-4713-A07D-76415D282FEF}.Debug|Any CPU.Build.0 = Debug|Any CPU
		{1FA11C12-B864-4713-A07D-76415D282FEF}.Release|Any CPU.ActiveCfg = Release|Any CPU
		{1FA11C12-B864-4713-A07D-76415D282FEF}.Release|Any CPU.Build.0 = Release|Any CPU
		{8EE65916-E4C5-4E62-A8A6-38E4DF29C87B}.Debug|Any CPU.ActiveCfg = Debug|Any CPU
		{8EE65916-E4C5-4E62-A8A6-38E4DF29C87B}.Debug|Any CPU.Build.0 = Debug|Any CPU
		{8EE65916-E4C5-4E62-A8A6-38E4DF29C87B}.Release|Any CPU.ActiveCfg = Release|Any CPU
		{8EE65916-E4C5-4E62-A8A6-38E4DF29C87B}.Release|Any CPU.Build.0 = Release|Any CPU
		{A928AAB7-FEFB-4DF1-87C5-F54F3A06FF03}.Debug|Any CPU.ActiveCfg = Debug|Any CPU
		{A928AAB7-FEFB-4DF1-87C5-F54F3A06FF03}.Debug|Any CPU.Build.0 = Debug|Any CPU
		{A928AAB7-FEFB-4DF1-87C5-F54F3A06FF03}.Release|Any CPU.ActiveCfg = Release|Any CPU
		{A928AAB7-FEFB-4DF1-87C5-F54F3A06FF03}.Release|Any CPU.Build.0 = Release|Any CPU
		{9270C30C-DBA8-4856-82F4-408C81D81381}.Debug|Any CPU.ActiveCfg = Debug|Any CPU
		{9270C30C-DBA8-4856-82F4-408C81D81381}.Debug|Any CPU.Build.0 = Debug|Any CPU
		{9270C30C-DBA8-4856-82F4-408C81D81381}.Release|Any CPU.ActiveCfg = Release|Any CPU
		{9270C30C-DBA8-4856-82F4-408C81D81381}.Release|Any CPU.Build.0 = Release|Any CPU
		{158919C3-5C9F-4F0D-8830-3C7B68C981CF}.Debug|Any CPU.ActiveCfg = Debug|Any CPU
		{158919C3-5C9F-4F0D-8830-3C7B68C981CF}.Debug|Any CPU.Build.0 = Debug|Any CPU
		{158919C3-5C9F-4F0D-8830-3C7B68C981CF}.Release|Any CPU.ActiveCfg = Release|Any CPU
		{158919C3-5C9F-4F0D-8830-3C7B68C981CF}.Release|Any CPU.Build.0 = Release|Any CPU
		{608AFB62-FBFE-4747-8987-73D50AF2ADB6}.Debug|Any CPU.ActiveCfg = Debug|Any CPU
		{608AFB62-FBFE-4747-8987-73D50AF2ADB6}.Debug|Any CPU.Build.0 = Debug|Any CPU
		{608AFB62-FBFE-4747-8987-73D50AF2ADB6}.Release|Any CPU.ActiveCfg = Release|Any CPU
		{608AFB62-FBFE-4747-8987-73D50AF2ADB6}.Release|Any CPU.Build.0 = Release|Any CPU
		{AD03707A-C19B-4191-AD08-FA455A6154A6}.Debug|Any CPU.ActiveCfg = Debug|Any CPU
		{AD03707A-C19B-4191-AD08-FA455A6154A6}.Debug|Any CPU.Build.0 = Debug|Any CPU
		{AD03707A-C19B-4191-AD08-FA455A6154A6}.Release|Any CPU.ActiveCfg = Release|Any CPU
		{AD03707A-C19B-4191-AD08-FA455A6154A6}.Release|Any CPU.Build.0 = Release|Any CPU
		{FAC160E2-60C1-4377-AC52-39790BBE0FF0}.Debug|Any CPU.ActiveCfg = Debug|Any CPU
		{FAC160E2-60C1-4377-AC52-39790BBE0FF0}.Debug|Any CPU.Build.0 = Debug|Any CPU
		{FAC160E2-60C1-4377-AC52-39790BBE0FF0}.Release|Any CPU.ActiveCfg = Release|Any CPU
		{FAC160E2-60C1-4377-AC52-39790BBE0FF0}.Release|Any CPU.Build.0 = Release|Any CPU
		{D98BB5A7-2356-4340-A5CD-6501EC954037}.Debug|Any CPU.ActiveCfg = Debug|Any CPU
		{D98BB5A7-2356-4340-A5CD-6501EC954037}.Debug|Any CPU.Build.0 = Debug|Any CPU
		{D98BB5A7-2356-4340-A5CD-6501EC954037}.Release|Any CPU.ActiveCfg = Release|Any CPU
		{D98BB5A7-2356-4340-A5CD-6501EC954037}.Release|Any CPU.Build.0 = Release|Any CPU
		{94D81045-4A03-4475-AAD2-BD4139EA2BF6}.Debug|Any CPU.ActiveCfg = Debug|Any CPU
		{94D81045-4A03-4475-AAD2-BD4139EA2BF6}.Debug|Any CPU.Build.0 = Debug|Any CPU
		{94D81045-4A03-4475-AAD2-BD4139EA2BF6}.Release|Any CPU.ActiveCfg = Release|Any CPU
		{94D81045-4A03-4475-AAD2-BD4139EA2BF6}.Release|Any CPU.Build.0 = Release|Any CPU
	EndGlobalSection
	GlobalSection(SolutionProperties) = preSolution
		HideSolutionNode = FALSE
	EndGlobalSection
	GlobalSection(ExtensibilityGlobals) = postSolution
		SolutionGuid = {F7782CD5-1164-4C30-9CD4-0AC2091600EF}
	EndGlobalSection
	GlobalSection(NestedProjects) = preSolution
		{B3F0EF2E-8300-4608-93DA-F89FA43A0C3C} = {8CB20FEA-7544-489A-A0EC-6AA1D8E9BC42}
		{92A83A8D-1BDC-421B-B433-BADDED792150} = {8CB20FEA-7544-489A-A0EC-6AA1D8E9BC42}
		{ED42559A-46B1-41B6-8992-64CF7846FC81} = {59BF481F-05BF-4321-90B8-92768D9A63DA}
		{59529CD8-AFCF-4878-BE99-139E2413FCC9} = {8CB20FEA-7544-489A-A0EC-6AA1D8E9BC42}
		{196A0D95-DBCD-455A-921B-C3C8B1871F2E} = {59BF481F-05BF-4321-90B8-92768D9A63DA}
		{9ED9A24B-4D50-4BB4-AE3A-0FEA234E5B1B} = {59BF481F-05BF-4321-90B8-92768D9A63DA}
		{6A67CB6D-527D-4E65-B26F-D8D66D38CABF} = {9ED9A24B-4D50-4BB4-AE3A-0FEA234E5B1B}
		{E1B9FBCE-A87C-4611-BE2D-5DB30A83D798} = {6A67CB6D-527D-4E65-B26F-D8D66D38CABF}
		{086D45CB-C6F2-4C40-B423-69E20B173BF8} = {6A67CB6D-527D-4E65-B26F-D8D66D38CABF}
		{D4570177-B839-4E24-94B1-64C9FB900CE2} = {6A67CB6D-527D-4E65-B26F-D8D66D38CABF}
		{52DB8DBB-36FB-4A8C-99D0-6F36388F548B} = {6A67CB6D-527D-4E65-B26F-D8D66D38CABF}
		{E2CD75FD-2FD4-4F7F-98DF-0951E9B2E0FB} = {6A67CB6D-527D-4E65-B26F-D8D66D38CABF}
		{BDC1B0A1-2EB4-4B11-8384-E52643209E64} = {6A67CB6D-527D-4E65-B26F-D8D66D38CABF}
		{EA574DDA-92A4-4879-AAD2-3FC00ADCCA24} = {9ED9A24B-4D50-4BB4-AE3A-0FEA234E5B1B}
		{9250438B-E171-4528-8A8B-B45BCB9705C9} = {EA574DDA-92A4-4879-AAD2-3FC00ADCCA24}
		{E8F2DBB4-0252-448D-A30C-F08164BBC7D9} = {EA574DDA-92A4-4879-AAD2-3FC00ADCCA24}
		{40D9155F-84BB-4499-9E08-5AA844CBA963} = {EA574DDA-92A4-4879-AAD2-3FC00ADCCA24}
		{1FA11C12-B864-4713-A07D-76415D282FEF} = {EA574DDA-92A4-4879-AAD2-3FC00ADCCA24}
		{8EE65916-E4C5-4E62-A8A6-38E4DF29C87B} = {EA574DDA-92A4-4879-AAD2-3FC00ADCCA24}
		{A928AAB7-FEFB-4DF1-87C5-F54F3A06FF03} = {EA574DDA-92A4-4879-AAD2-3FC00ADCCA24}
		{4E96C32F-07D2-4346-A4D2-8753DEC48585} = {9ED9A24B-4D50-4BB4-AE3A-0FEA234E5B1B}
		{9270C30C-DBA8-4856-82F4-408C81D81381} = {4E96C32F-07D2-4346-A4D2-8753DEC48585}
		{158919C3-5C9F-4F0D-8830-3C7B68C981CF} = {196A0D95-DBCD-455A-921B-C3C8B1871F2E}
		{608AFB62-FBFE-4747-8987-73D50AF2ADB6} = {196A0D95-DBCD-455A-921B-C3C8B1871F2E}
		{AD03707A-C19B-4191-AD08-FA455A6154A6} = {196A0D95-DBCD-455A-921B-C3C8B1871F2E}
		{FAC160E2-60C1-4377-AC52-39790BBE0FF0} = {196A0D95-DBCD-455A-921B-C3C8B1871F2E}
		{D98BB5A7-2356-4340-A5CD-6501EC954037} = {196A0D95-DBCD-455A-921B-C3C8B1871F2E}
		{94D81045-4A03-4475-AAD2-BD4139EA2BF6} = {196A0D95-DBCD-455A-921B-C3C8B1871F2E}
	EndGlobalSection
EndGlobal
